
Microsoft Visual Studio Solution File, Format Version 12.00
# Visual Studio Version 17
VisualStudioVersion = 17.12.35707.178
MinimumVisualStudioVersion = 10.0.40219.1
Project("{2150E333-8FDC-42A3-9474-1A3956D46DE8}") = "src", "src", "{98DD6C2F-5654-4F47-AA38-417487A6ACC8}"
EndProject
Project("{2150E333-8FDC-42A3-9474-1A3956D46DE8}") = "tests", "tests", "{EFA3A76B-74D6-4C66-8034-1C1B4A2C4827}"
EndProject
Project("{FAE04EC0-301F-11D3-BF4B-00C04F79EFBC}") = "CashFlow.Api", "src\CashFlow.Api\CashFlow.Api.csproj", "{8D7E2175-445A-406F-B894-977BBE2BFF2A}"
EndProject
Project("{FAE04EC0-301F-11D3-BF4B-00C04F79EFBC}") = "CashFlow.Domain", "src\CashFlow.Domain\CashFlow.Domain.csproj", "{823C6E74-0F86-46CD-904A-EEEA42D1D7F3}"
EndProject
Project("{FAE04EC0-301F-11D3-BF4B-00C04F79EFBC}") = "CashFlow.Application", "src\CashFlow.Application\CashFlow.Application.csproj", "{E28F3E14-A5B9-4DEB-B5B5-FC1560DBBF15}"
EndProject
Project("{FAE04EC0-301F-11D3-BF4B-00C04F79EFBC}") = "CashFlow.Communication", "src\CashFlow.Communication\CashFlow.Communication.csproj", "{766240C1-4BFA-4835-B530-61978D485B7D}"
EndProject
Project("{FAE04EC0-301F-11D3-BF4B-00C04F79EFBC}") = "CashFlow.Exception", "src\CashFlow.Exception\CashFlow.Exception.csproj", "{C8C96EBE-894B-4378-92D1-5D23542ED7A1}"
EndProject
Project("{FAE04EC0-301F-11D3-BF4B-00C04F79EFBC}") = "CashFlow.Infrastructure", "src\CashFlow.Infrastructure\CashFlow.Infrastructure.csproj", "{A014992B-1368-4536-8789-DCCE854A0DE2}"
EndProject
Global
	GlobalSection(SolutionConfigurationPlatforms) = preSolution
		Debug|Any CPU = Debug|Any CPU
		Release|Any CPU = Release|Any CPU
	EndGlobalSection
	GlobalSection(ProjectConfigurationPlatforms) = postSolution
		{8D7E2175-445A-406F-B894-977BBE2BFF2A}.Debug|Any CPU.ActiveCfg = Debug|Any CPU
		{8D7E2175-445A-406F-B894-977BBE2BFF2A}.Debug|Any CPU.Build.0 = Debug|Any CPU
		{8D7E2175-445A-406F-B894-977BBE2BFF2A}.Release|Any CPU.ActiveCfg = Release|Any CPU
		{8D7E2175-445A-406F-B894-977BBE2BFF2A}.Release|Any CPU.Build.0 = Release|Any CPU
		{823C6E74-0F86-46CD-904A-EEEA42D1D7F3}.Debug|Any CPU.ActiveCfg = Debug|Any CPU
		{823C6E74-0F86-46CD-904A-EEEA42D1D7F3}.Debug|Any CPU.Build.0 = Debug|Any CPU
		{823C6E74-0F86-46CD-904A-EEEA42D1D7F3}.Release|Any CPU.ActiveCfg = Release|Any CPU
		{823C6E74-0F86-46CD-904A-EEEA42D1D7F3}.Release|Any CPU.Build.0 = Release|Any CPU
		{E28F3E14-A5B9-4DEB-B5B5-FC1560DBBF15}.Debug|Any CPU.ActiveCfg = Debug|Any CPU
		{E28F3E14-A5B9-4DEB-B5B5-FC1560DBBF15}.Debug|Any CPU.Build.0 = Debug|Any CPU
		{E28F3E14-A5B9-4DEB-B5B5-FC1560DBBF15}.Release|Any CPU.ActiveCfg = Release|Any CPU
		{E28F3E14-A5B9-4DEB-B5B5-FC1560DBBF15}.Release|Any CPU.Build.0 = Release|Any CPU
		{766240C1-4BFA-4835-B530-61978D485B7D}.Debug|Any CPU.ActiveCfg = Debug|Any CPU
		{766240C1-4BFA-4835-B530-61978D485B7D}.Debug|Any CPU.Build.0 = Debug|Any CPU
		{766240C1-4BFA-4835-B530-61978D485B7D}.Release|Any CPU.ActiveCfg = Release|Any CPU
		{766240C1-4BFA-4835-B530-61978D485B7D}.Release|Any CPU.Build.0 = Release|Any CPU
		{C8C96EBE-894B-4378-92D1-5D23542ED7A1}.Debug|Any CPU.ActiveCfg = Debug|Any CPU
		{C8C96EBE-894B-4378-92D1-5D23542ED7A1}.Debug|Any CPU.Build.0 = Debug|Any CPU
		{C8C96EBE-894B-4378-92D1-5D23542ED7A1}.Release|Any CPU.ActiveCfg = Release|Any CPU
		{C8C96EBE-894B-4378-92D1-5D23542ED7A1}.Release|Any CPU.Build.0 = Release|Any CPU
		{A014992B-1368-4536-8789-DCCE854A0DE2}.Debug|Any CPU.ActiveCfg = Debug|Any CPU
		{A014992B-1368-4536-8789-DCCE854A0DE2}.Debug|Any CPU.Build.0 = Debug|Any CPU
		{A014992B-1368-4536-8789-DCCE854A0DE2}.Release|Any CPU.ActiveCfg = Release|Any CPU
		{A014992B-1368-4536-8789-DCCE854A0DE2}.Release|Any CPU.Build.0 = Release|Any CPU
	EndGlobalSection
	GlobalSection(SolutionProperties) = preSolution
		HideSolutionNode = FALSE
	EndGlobalSection
	GlobalSection(NestedProjects) = preSolution
		{8D7E2175-445A-406F-B894-977BBE2BFF2A} = {98DD6C2F-5654-4F47-AA38-417487A6ACC8}
		{823C6E74-0F86-46CD-904A-EEEA42D1D7F3} = {98DD6C2F-5654-4F47-AA38-417487A6ACC8}
		{E28F3E14-A5B9-4DEB-B5B5-FC1560DBBF15} = {98DD6C2F-5654-4F47-AA38-417487A6ACC8}
		{766240C1-4BFA-4835-B530-61978D485B7D} = {98DD6C2F-5654-4F47-AA38-417487A6ACC8}
		{C8C96EBE-894B-4378-92D1-5D23542ED7A1} = {98DD6C2F-5654-4F47-AA38-417487A6ACC8}
		{A014992B-1368-4536-8789-DCCE854A0DE2} = {98DD6C2F-5654-4F47-AA38-417487A6ACC8}
	EndGlobalSection
EndGlobal
